// !$*UTF8*$!
{
	archiveVersion = 1;
	classes = {
	};
	objectVersion = 56;
	objects = {

/* Begin PBXBuildFile section */
		A20698EA29B94378004BA635 /* FructusApp.swift in Sources */ = {isa = PBXBuildFile; fileRef = A20698E929B94378004BA635 /* FructusApp.swift */; };
		A20698EC29B94378004BA635 /* ContentView.swift in Sources */ = {isa = PBXBuildFile; fileRef = A20698EB29B94378004BA635 /* ContentView.swift */; };
		A20698EE29B9437C004BA635 /* Assets.xcassets in Resources */ = {isa = PBXBuildFile; fileRef = A20698ED29B9437C004BA635 /* Assets.xcassets */; };
		A20698F129B9437C004BA635 /* Preview Assets.xcassets in Resources */ = {isa = PBXBuildFile; fileRef = A20698F029B9437C004BA635 /* Preview Assets.xcassets */; };
		A20698FA29B94B22004BA635 /* FruitCardView.swift in Sources */ = {isa = PBXBuildFile; fileRef = A20698F929B94B22004BA635 /* FruitCardView.swift */; };
		A20698FC29B9537E004BA635 /* StartButtonView.swift in Sources */ = {isa = PBXBuildFile; fileRef = A20698FB29B9537E004BA635 /* StartButtonView.swift */; };
		A20698FE29B95B8A004BA635 /* OnboardingView.swift in Sources */ = {isa = PBXBuildFile; fileRef = A20698FD29B95B8A004BA635 /* OnboardingView.swift */; };
		A273F0A629C3D02D00EC98D0 /* SettingsView.swift in Sources */ = {isa = PBXBuildFile; fileRef = A273F0A529C3D02C00EC98D0 /* SettingsView.swift */; };
		A273F0A829C3D6EB00EC98D0 /* SettingsLabelView.swift in Sources */ = {isa = PBXBuildFile; fileRef = A273F0A729C3D6EB00EC98D0 /* SettingsLabelView.swift */; };
		A273F0AB29C3DC6E00EC98D0 /* SettingsRowView.swift in Sources */ = {isa = PBXBuildFile; fileRef = A273F0AA29C3DC6E00EC98D0 /* SettingsRowView.swift */; };
		A276622C29C281D7004CB240 /* FruitDetailView.swift in Sources */ = {isa = PBXBuildFile; fileRef = A276622B29C281D7004CB240 /* FruitDetailView.swift */; };
		A276622E29C28EB6004CB240 /* FruitHeaderView.swift in Sources */ = {isa = PBXBuildFile; fileRef = A276622D29C28EB6004CB240 /* FruitHeaderView.swift */; };
		A276623029C2935B004CB240 /* SourceLinkView.swift in Sources */ = {isa = PBXBuildFile; fileRef = A276622F29C2935B004CB240 /* SourceLinkView.swift */; };
		A276623229C29A63004CB240 /* FruitNutrientsView.swift in Sources */ = {isa = PBXBuildFile; fileRef = A276623129C29A63004CB240 /* FruitNutrientsView.swift */; };
		A29D377C29BFE11A0074C227 /* FruitModel.swift in Sources */ = {isa = PBXBuildFile; fileRef = A29D377B29BFE11A0074C227 /* FruitModel.swift */; };
		A29D377F29BFE24C0074C227 /* FruitData.swift in Sources */ = {isa = PBXBuildFile; fileRef = A29D377E29BFE24C0074C227 /* FruitData.swift */; };
		A29D378129C00E940074C227 /* FruitRowView.swift in Sources */ = {isa = PBXBuildFile; fileRef = A29D378029C00E940074C227 /* FruitRowView.swift */; };
		A29D378329C01F270074C227 /* CustomContentView.swift in Sources */ = {isa = PBXBuildFile; fileRef = A29D378229C01F270074C227 /* CustomContentView.swift */; };
/* End PBXBuildFile section */

/* Begin PBXFileReference section */
		A20698E629B94378004BA635 /* Fructus.app */ = {isa = PBXFileReference; explicitFileType = wrapper.application; includeInIndex = 0; path = Fructus.app; sourceTree = BUILT_PRODUCTS_DIR; };
		A20698E929B94378004BA635 /* FructusApp.swift */ = {isa = PBXFileReference; lastKnownFileType = sourcecode.swift; path = FructusApp.swift; sourceTree = "<group>"; };
		A20698EB29B94378004BA635 /* ContentView.swift */ = {isa = PBXFileReference; lastKnownFileType = sourcecode.swift; path = ContentView.swift; sourceTree = "<group>"; };
		A20698ED29B9437C004BA635 /* Assets.xcassets */ = {isa = PBXFileReference; lastKnownFileType = folder.assetcatalog; path = Assets.xcassets; sourceTree = "<group>"; };
		A20698F029B9437C004BA635 /* Preview Assets.xcassets */ = {isa = PBXFileReference; lastKnownFileType = folder.assetcatalog; path = "Preview Assets.xcassets"; sourceTree = "<group>"; };
		A20698F929B94B22004BA635 /* FruitCardView.swift */ = {isa = PBXFileReference; lastKnownFileType = sourcecode.swift; path = FruitCardView.swift; sourceTree = "<group>"; };
		A20698FB29B9537E004BA635 /* StartButtonView.swift */ = {isa = PBXFileReference; lastKnownFileType = sourcecode.swift; path = StartButtonView.swift; sourceTree = "<group>"; };
		A20698FD29B95B8A004BA635 /* OnboardingView.swift */ = {isa = PBXFileReference; lastKnownFileType = sourcecode.swift; path = OnboardingView.swift; sourceTree = "<group>"; };
		A273F0A529C3D02C00EC98D0 /* SettingsView.swift */ = {isa = PBXFileReference; lastKnownFileType = sourcecode.swift; path = SettingsView.swift; sourceTree = "<group>"; };
		A273F0A729C3D6EB00EC98D0 /* SettingsLabelView.swift */ = {isa = PBXFileReference; lastKnownFileType = sourcecode.swift; path = SettingsLabelView.swift; sourceTree = "<group>"; };
		A273F0AA29C3DC6E00EC98D0 /* SettingsRowView.swift */ = {isa = PBXFileReference; lastKnownFileType = sourcecode.swift; path = SettingsRowView.swift; sourceTree = "<group>"; };
		A276622B29C281D7004CB240 /* FruitDetailView.swift */ = {isa = PBXFileReference; lastKnownFileType = sourcecode.swift; path = FruitDetailView.swift; sourceTree = "<group>"; };
		A276622D29C28EB6004CB240 /* FruitHeaderView.swift */ = {isa = PBXFileReference; lastKnownFileType = sourcecode.swift; path = FruitHeaderView.swift; sourceTree = "<group>"; };
		A276622F29C2935B004CB240 /* SourceLinkView.swift */ = {isa = PBXFileReference; lastKnownFileType = sourcecode.swift; path = SourceLinkView.swift; sourceTree = "<group>"; };
		A276623129C29A63004CB240 /* FruitNutrientsView.swift */ = {isa = PBXFileReference; lastKnownFileType = sourcecode.swift; path = FruitNutrientsView.swift; sourceTree = "<group>"; };
		A29D377B29BFE11A0074C227 /* FruitModel.swift */ = {isa = PBXFileReference; lastKnownFileType = sourcecode.swift; path = FruitModel.swift; sourceTree = "<group>"; };
		A29D377E29BFE24C0074C227 /* FruitData.swift */ = {isa = PBXFileReference; lastKnownFileType = sourcecode.swift; path = FruitData.swift; sourceTree = "<group>"; };
		A29D378029C00E940074C227 /* FruitRowView.swift */ = {isa = PBXFileReference; lastKnownFileType = sourcecode.swift; path = FruitRowView.swift; sourceTree = "<group>"; };
		A29D378229C01F270074C227 /* CustomContentView.swift */ = {isa = PBXFileReference; lastKnownFileType = sourcecode.swift; path = CustomContentView.swift; sourceTree = "<group>"; };
/* End PBXFileReference section */

/* Begin PBXFrameworksBuildPhase section */
		A20698E329B94378004BA635 /* Frameworks */ = {
			isa = PBXFrameworksBuildPhase;
			buildActionMask = 2147483647;
			files = (
			);
			runOnlyForDeploymentPostprocessing = 0;
		};
/* End PBXFrameworksBuildPhase section */

/* Begin PBXGroup section */
		A20698DD29B94378004BA635 = {
			isa = PBXGroup;
			children = (
				A20698E829B94378004BA635 /* Fructus */,
				A20698E729B94378004BA635 /* Products */,
			);
			sourceTree = "<group>";
		};
		A20698E729B94378004BA635 /* Products */ = {
			isa = PBXGroup;
			children = (
				A20698E629B94378004BA635 /* Fructus.app */,
			);
			name = Products;
			sourceTree = "<group>";
		};
		A20698E829B94378004BA635 /* Fructus */ = {
			isa = PBXGroup;
			children = (
				A29D377D29BFE2330074C227 /* Data */,
				A29D377A29BFE0FF0074C227 /* Model */,
				A20698F829B94AF8004BA635 /* View */,
				A20698F729B94AC7004BA635 /* App */,
				A20698ED29B9437C004BA635 /* Assets.xcassets */,
				A20698EF29B9437C004BA635 /* Preview Content */,
			);
			path = Fructus;
			sourceTree = "<group>";
		};
		A20698EF29B9437C004BA635 /* Preview Content */ = {
			isa = PBXGroup;
			children = (
				A20698F029B9437C004BA635 /* Preview Assets.xcassets */,
			);
			path = "Preview Content";
			sourceTree = "<group>";
		};
		A20698F729B94AC7004BA635 /* App */ = {
			isa = PBXGroup;
			children = (
				A20698E929B94378004BA635 /* FructusApp.swift */,
				A20698EB29B94378004BA635 /* ContentView.swift */,
				A20698FD29B95B8A004BA635 /* OnboardingView.swift */,
				A276622B29C281D7004CB240 /* FruitDetailView.swift */,
				A273F0A529C3D02C00EC98D0 /* SettingsView.swift */,
				A273F0AA29C3DC6E00EC98D0 /* SettingsRowView.swift */,
			);
			path = App;
			sourceTree = "<group>";
		};
		A20698F829B94AF8004BA635 /* View */ = {
			isa = PBXGroup;
			children = (
				A20698F929B94B22004BA635 /* FruitCardView.swift */,
				A20698FB29B9537E004BA635 /* StartButtonView.swift */,
				A29D378029C00E940074C227 /* FruitRowView.swift */,
				A29D378229C01F270074C227 /* CustomContentView.swift */,
				A276622D29C28EB6004CB240 /* FruitHeaderView.swift */,
				A276622F29C2935B004CB240 /* SourceLinkView.swift */,
				A276623129C29A63004CB240 /* FruitNutrientsView.swift */,
				A273F0A729C3D6EB00EC98D0 /* SettingsLabelView.swift */,
			);
			path = View;
			sourceTree = "<group>";
		};
		A29D377A29BFE0FF0074C227 /* Model */ = {
			isa = PBXGroup;
			children = (
				A29D377B29BFE11A0074C227 /* FruitModel.swift */,
			);
			path = Model;
			sourceTree = "<group>";
		};
		A29D377D29BFE2330074C227 /* Data */ = {
			isa = PBXGroup;
			children = (
				A29D377E29BFE24C0074C227 /* FruitData.swift */,
			);
			path = Data;
			sourceTree = "<group>";
		};
/* End PBXGroup section */

/* Begin PBXNativeTarget section */
		A20698E529B94378004BA635 /* Fructus */ = {
			isa = PBXNativeTarget;
			buildConfigurationList = A20698F429B9437C004BA635 /* Build configuration list for PBXNativeTarget "Fructus" */;
			buildPhases = (
				A20698E229B94378004BA635 /* Sources */,
				A20698E329B94378004BA635 /* Frameworks */,
				A20698E429B94378004BA635 /* Resources */,
			);
			buildRules = (
			);
			dependencies = (
			);
			name = Fructus;
			productName = Fructus;
			productReference = A20698E629B94378004BA635 /* Fructus.app */;
			productType = "com.apple.product-type.application";
		};
/* End PBXNativeTarget section */

/* Begin PBXProject section */
		A20698DE29B94378004BA635 /* Project object */ = {
			isa = PBXProject;
			attributes = {
				BuildIndependentTargetsInParallel = 1;
				LastSwiftUpdateCheck = 1420;
				LastUpgradeCheck = 1420;
				TargetAttributes = {
					A20698E529B94378004BA635 = {
						CreatedOnToolsVersion = 14.2;
					};
				};
			};
			buildConfigurationList = A20698E129B94378004BA635 /* Build configuration list for PBXProject "Fructus" */;
			compatibilityVersion = "Xcode 14.0";
			developmentRegion = en;
			hasScannedForEncodings = 0;
			knownRegions = (
				en,
				Base,
			);
			mainGroup = A20698DD29B94378004BA635;
			productRefGroup = A20698E729B94378004BA635 /* Products */;
			projectDirPath = "";
			projectRoot = "";
			targets = (
				A20698E529B94378004BA635 /* Fructus */,
			);
		};
/* End PBXProject section */

/* Begin PBXResourcesBuildPhase section */
		A20698E429B94378004BA635 /* Resources */ = {
			isa = PBXResourcesBuildPhase;
			buildActionMask = 2147483647;
			files = (
				A20698F129B9437C004BA635 /* Preview Assets.xcassets in Resources */,
				A20698EE29B9437C004BA635 /* Assets.xcassets in Resources */,
			);
			runOnlyForDeploymentPostprocessing = 0;
		};
/* End PBXResourcesBuildPhase section */

/* Begin PBXSourcesBuildPhase section */
		A20698E229B94378004BA635 /* Sources */ = {
			isa = PBXSourcesBuildPhase;
			buildActionMask = 2147483647;
			files = (
				A29D377F29BFE24C0074C227 /* FruitData.swift in Sources */,
				A20698FA29B94B22004BA635 /* FruitCardView.swift in Sources */,
				A276622C29C281D7004CB240 /* FruitDetailView.swift in Sources */,
				A276623229C29A63004CB240 /* FruitNutrientsView.swift in Sources */,
				A273F0AB29C3DC6E00EC98D0 /* SettingsRowView.swift in Sources */,
				A29D378129C00E940074C227 /* FruitRowView.swift in Sources */,
				A20698EC29B94378004BA635 /* ContentView.swift in Sources */,
				A20698FC29B9537E004BA635 /* StartButtonView.swift in Sources */,
				A273F0A629C3D02D00EC98D0 /* SettingsView.swift in Sources */,
				A20698FE29B95B8A004BA635 /* OnboardingView.swift in Sources */,
				A276622E29C28EB6004CB240 /* FruitHeaderView.swift in Sources */,
				A29D378329C01F270074C227 /* CustomContentView.swift in Sources */,
				A276623029C2935B004CB240 /* SourceLinkView.swift in Sources */,
				A273F0A829C3D6EB00EC98D0 /* SettingsLabelView.swift in Sources */,
				A29D377C29BFE11A0074C227 /* FruitModel.swift in Sources */,
				A20698EA29B94378004BA635 /* FructusApp.swift in Sources */,
			);
			runOnlyForDeploymentPostprocessing = 0;
		};
/* End PBXSourcesBuildPhase section */

/* Begin XCBuildConfiguration section */
		A20698F229B9437C004BA635 /* Debug */ = {
			isa = XCBuildConfiguration;
			buildSettings = {
				ALWAYS_SEARCH_USER_PATHS = NO;
				CLANG_ANALYZER_NONNULL = YES;
				CLANG_ANALYZER_NUMBER_OBJECT_CONVERSION = YES_AGGRESSIVE;
				CLANG_CXX_LANGUAGE_STANDARD = "gnu++20";
				CLANG_ENABLE_MODULES = YES;
				CLANG_ENABLE_OBJC_ARC = YES;
				CLANG_ENABLE_OBJC_WEAK = YES;
				CLANG_WARN_BLOCK_CAPTURE_AUTORELEASING = YES;
				CLANG_WARN_BOOL_CONVERSION = YES;
				CLANG_WARN_COMMA = YES;
				CLANG_WARN_CONSTANT_CONVERSION = YES;
				CLANG_WARN_DEPRECATED_OBJC_IMPLEMENTATIONS = YES;
				CLANG_WARN_DIRECT_OBJC_ISA_USAGE = YES_ERROR;
				CLANG_WARN_DOCUMENTATION_COMMENTS = YES;
				CLANG_WARN_EMPTY_BODY = YES;
				CLANG_WARN_ENUM_CONVERSION = YES;
				CLANG_WARN_INFINITE_RECURSION = YES;
				CLANG_WARN_INT_CONVERSION = YES;
				CLANG_WARN_NON_LITERAL_NULL_CONVERSION = YES;
				CLANG_WARN_OBJC_IMPLICIT_RETAIN_SELF = YES;
				CLANG_WARN_OBJC_LITERAL_CONVERSION = YES;
				CLANG_WARN_OBJC_ROOT_CLASS = YES_ERROR;
				CLANG_WARN_QUOTED_INCLUDE_IN_FRAMEWORK_HEADER = YES;
				CLANG_WARN_RANGE_LOOP_ANALYSIS = YES;
				CLANG_WARN_STRICT_PROTOTYPES = YES;
				CLANG_WARN_SUSPICIOUS_MOVE = YES;
				CLANG_WARN_UNGUARDED_AVAILABILITY = YES_AGGRESSIVE;
				CLANG_WARN_UNREACHABLE_CODE = YES;
				CLANG_WARN__DUPLICATE_METHOD_MATCH = YES;
				COPY_PHASE_STRIP = NO;
				DEBUG_INFORMATION_FORMAT = dwarf;
				ENABLE_STRICT_OBJC_MSGSEND = YES;
				ENABLE_TESTABILITY = YES;
				GCC_C_LANGUAGE_STANDARD = gnu11;
				GCC_DYNAMIC_NO_PIC = NO;
				GCC_NO_COMMON_BLOCKS = YES;
				GCC_OPTIMIZATION_LEVEL = 0;
				GCC_PREPROCESSOR_DEFINITIONS = (
					"DEBUG=1",
					"$(inherited)",
				);
				GCC_WARN_64_TO_32_BIT_CONVERSION = YES;
				GCC_WARN_ABOUT_RETURN_TYPE = YES_ERROR;
				GCC_WARN_UNDECLARED_SELECTOR = YES;
				GCC_WARN_UNINITIALIZED_AUTOS = YES_AGGRESSIVE;
				GCC_WARN_UNUSED_FUNCTION = YES;
				GCC_WARN_UNUSED_VARIABLE = YES;
				IPHONEOS_DEPLOYMENT_TARGET = 15.0;
				MTL_ENABLE_DEBUG_INFO = INCLUDE_SOURCE;
				MTL_FAST_MATH = YES;
				ONLY_ACTIVE_ARCH = YES;
				SDKROOT = iphoneos;
				SWIFT_ACTIVE_COMPILATION_CONDITIONS = DEBUG;
				SWIFT_OPTIMIZATION_LEVEL = "-Onone";
			};
			name = Debug;
		};
		A20698F329B9437C004BA635 /* Release */ = {
			isa = XCBuildConfiguration;
			buildSettings = {
				ALWAYS_SEARCH_USER_PATHS = NO;
				CLANG_ANALYZER_NONNULL = YES;
				CLANG_ANALYZER_NUMBER_OBJECT_CONVERSION = YES_AGGRESSIVE;
				CLANG_CXX_LANGUAGE_STANDARD = "gnu++20";
				CLANG_ENABLE_MODULES = YES;
				CLANG_ENABLE_OBJC_ARC = YES;
				CLANG_ENABLE_OBJC_WEAK = YES;
				CLANG_WARN_BLOCK_CAPTURE_AUTORELEASING = YES;
				CLANG_WARN_BOOL_CONVERSION = YES;
				CLANG_WARN_COMMA = YES;
				CLANG_WARN_CONSTANT_CONVERSION = YES;
				CLANG_WARN_DEPRECATED_OBJC_IMPLEMENTATIONS = YES;
				CLANG_WARN_DIRECT_OBJC_ISA_USAGE = YES_ERROR;
				CLANG_WARN_DOCUMENTATION_COMMENTS = YES;
				CLANG_WARN_EMPTY_BODY = YES;
				CLANG_WARN_ENUM_CONVERSION = YES;
				CLANG_WARN_INFINITE_RECURSION = YES;
				CLANG_WARN_INT_CONVERSION = YES;
				CLANG_WARN_NON_LITERAL_NULL_CONVERSION = YES;
				CLANG_WARN_OBJC_IMPLICIT_RETAIN_SELF = YES;
				CLANG_WARN_OBJC_LITERAL_CONVERSION = YES;
				CLANG_WARN_OBJC_ROOT_CLASS = YES_ERROR;
				CLANG_WARN_QUOTED_INCLUDE_IN_FRAMEWORK_HEADER = YES;
				CLANG_WARN_RANGE_LOOP_ANALYSIS = YES;
				CLANG_WARN_STRICT_PROTOTYPES = YES;
				CLANG_WARN_SUSPICIOUS_MOVE = YES;
				CLANG_WARN_UNGUARDED_AVAILABILITY = YES_AGGRESSIVE;
				CLANG_WARN_UNREACHABLE_CODE = YES;
				CLANG_WARN__DUPLICATE_METHOD_MATCH = YES;
				COPY_PHASE_STRIP = NO;
				DEBUG_INFORMATION_FORMAT = "dwarf-with-dsym";
				ENABLE_NS_ASSERTIONS = NO;
				ENABLE_STRICT_OBJC_MSGSEND = YES;
				GCC_C_LANGUAGE_STANDARD = gnu11;
				GCC_NO_COMMON_BLOCKS = YES;
				GCC_WARN_64_TO_32_BIT_CONVERSION = YES;
				GCC_WARN_ABOUT_RETURN_TYPE = YES_ERROR;
				GCC_WARN_UNDECLARED_SELECTOR = YES;
				GCC_WARN_UNINITIALIZED_AUTOS = YES_AGGRESSIVE;
				GCC_WARN_UNUSED_FUNCTION = YES;
				GCC_WARN_UNUSED_VARIABLE = YES;
				IPHONEOS_DEPLOYMENT_TARGET = 15.0;
				MTL_ENABLE_DEBUG_INFO = NO;
				MTL_FAST_MATH = YES;
				SDKROOT = iphoneos;
				SWIFT_COMPILATION_MODE = wholemodule;
				SWIFT_OPTIMIZATION_LEVEL = "-O";
				VALIDATE_PRODUCT = YES;
			};
			name = Release;
		};
		A20698F529B9437C004BA635 /* Debug */ = {
			isa = XCBuildConfiguration;
			buildSettings = {
				ASSETCATALOG_COMPILER_APPICON_NAME = AppIcon;
				ASSETCATALOG_COMPILER_GLOBAL_ACCENT_COLOR_NAME = AccentColor;
				CODE_SIGN_STYLE = Automatic;
				CURRENT_PROJECT_VERSION = 1;
				DEVELOPMENT_ASSET_PATHS = "\"Fructus/Preview Content\"";
				DEVELOPMENT_TEAM = GD6XG3RZ35;
				ENABLE_PREVIEWS = YES;
				GENERATE_INFOPLIST_FILE = YES;
				INFOPLIST_KEY_UIApplicationSceneManifest_Generation = YES;
				INFOPLIST_KEY_UIApplicationSupportsIndirectInputEvents = YES;
				INFOPLIST_KEY_UILaunchScreen_Generation = YES;
				INFOPLIST_KEY_UISupportedInterfaceOrientations = "UIInterfaceOrientationLandscapeLeft UIInterfaceOrientationLandscapeRight UIInterfaceOrientationPortrait";
				IPHONEOS_DEPLOYMENT_TARGET = 15.0;
				LD_RUNPATH_SEARCH_PATHS = (
					"$(inherited)",
					"@executable_path/Frameworks",
				);
				MARKETING_VERSION = 1.0;
				PRODUCT_BUNDLE_IDENTIFIER = com.swiftui.fructus.Fructus;
				PRODUCT_NAME = "$(TARGET_NAME)";
				SWIFT_EMIT_LOC_STRINGS = YES;
				SWIFT_VERSION = 5.0;
				TARGETED_DEVICE_FAMILY = "1,2";
			};
			name = Debug;
		};
		A20698F629B9437C004BA635 /* Release */ = {
			isa = XCBuildConfiguration;
			buildSettings = {
				ASSETCATALOG_COMPILER_APPICON_NAME = AppIcon;
				ASSETCATALOG_COMPILER_GLOBAL_ACCENT_COLOR_NAME = AccentColor;
				CODE_SIGN_STYLE = Automatic;
				CURRENT_PROJECT_VERSION = 1;
				DEVELOPMENT_ASSET_PATHS = "\"Fructus/Preview Content\"";
				DEVELOPMENT_TEAM = GD6XG3RZ35;
				ENABLE_PREVIEWS = YES;
				GENERATE_INFOPLIST_FILE = YES;
				INFOPLIST_KEY_UIApplicationSceneManifest_Generation = YES;
				INFOPLIST_KEY_UIApplicationSupportsIndirectInputEvents = YES;
				INFOPLIST_KEY_UILaunchScreen_Generation = YES;
				INFOPLIST_KEY_UISupportedInterfaceOrientations = "UIInterfaceOrientationLandscapeLeft UIInterfaceOrientationLandscapeRight UIInterfaceOrientationPortrait";
				IPHONEOS_DEPLOYMENT_TARGET = 15.0;
				LD_RUNPATH_SEARCH_PATHS = (
					"$(inherited)",
					"@executable_path/Frameworks",
				);
				MARKETING_VERSION = 1.0;
				PRODUCT_BUNDLE_IDENTIFIER = com.swiftui.fructus.Fructus;
				PRODUCT_NAME = "$(TARGET_NAME)";
				SWIFT_EMIT_LOC_STRINGS = YES;
				SWIFT_VERSION = 5.0;
				TARGETED_DEVICE_FAMILY = "1,2";
			};
			name = Release;
		};
/* End XCBuildConfiguration section */

/* Begin XCConfigurationList section */
		A20698E129B94378004BA635 /* Build configuration list for PBXProject "Fructus" */ = {
			isa = XCConfigurationList;
			buildConfigurations = (
				A20698F229B9437C004BA635 /* Debug */,
				A20698F329B9437C004BA635 /* Release */,
			);
			defaultConfigurationIsVisible = 0;
			defaultConfigurationName = Release;
		};
		A20698F429B9437C004BA635 /* Build configuration list for PBXNativeTarget "Fructus" */ = {
			isa = XCConfigurationList;
			buildConfigurations = (
				A20698F529B9437C004BA635 /* Debug */,
				A20698F629B9437C004BA635 /* Release */,
			);
			defaultConfigurationIsVisible = 0;
			defaultConfigurationName = Release;
		};
/* End XCConfigurationList section */
	};
	rootObject = A20698DE29B94378004BA635 /* Project object */;
}
